
Microsoft Visual Studio Solution File, Format Version 11.00
# Visual Studio 2010
Project("{8BC9CEB8-8B4A-11D0-8D11-00A0C91BC942}") = "WallOfText", "WallOfText\WallOfText.vcxproj", "{0FE75750-2F4D-4F4B-9ACF-C5025DA395CB}"
EndProject
Project("{8BC9CEB8-8B4A-11D0-8D11-00A0C91BC942}") = "WallOfText_Client", "WallOfText_Client\WallOfText_Client.vcxproj", "{40EE3A5F-8545-430B-9284-8C43FC3AFEEE}"
	ProjectSection(ProjectDependencies) = postProject
		{0FE75750-2F4D-4F4B-9ACF-C5025DA395CB} = {0FE75750-2F4D-4F4B-9ACF-C5025DA395CB}
	EndProjectSection
EndProject
Project("{8BC9CEB8-8B4A-11D0-8D11-00A0C91BC942}") = "WallOfText_Server", "WallOfText_Server\WallOfText_Server.vcxproj", "{D941F1B2-8D04-4F48-8327-BEACAFC5F8B9}"
	ProjectSection(ProjectDependencies) = postProject
		{0FE75750-2F4D-4F4B-9ACF-C5025DA395CB} = {0FE75750-2F4D-4F4B-9ACF-C5025DA395CB}
	EndProjectSection
EndProject
Global
	GlobalSection(SubversionScc) = preSolution
		Svn-Managed = True
		Manager = AnkhSVN - Subversion Support for Visual Studio
	EndGlobalSection
	GlobalSection(SolutionConfigurationPlatforms) = preSolution
		Debug|Win32 = Debug|Win32
		Release|Win32 = Release|Win32
	EndGlobalSection
	GlobalSection(ProjectConfigurationPlatforms) = postSolution
		{0FE75750-2F4D-4F4B-9ACF-C5025DA395CB}.Debug|Win32.ActiveCfg = Debug|Win32
		{0FE75750-2F4D-4F4B-9ACF-C5025DA395CB}.Debug|Win32.Build.0 = Debug|Win32
		{0FE75750-2F4D-4F4B-9ACF-C5025DA395CB}.Release|Win32.ActiveCfg = Release|Win32
		{0FE75750-2F4D-4F4B-9ACF-C5025DA395CB}.Release|Win32.Build.0 = Release|Win32
		{40EE3A5F-8545-430B-9284-8C43FC3AFEEE}.Debug|Win32.ActiveCfg = Debug|Win32
		{40EE3A5F-8545-430B-9284-8C43FC3AFEEE}.Debug|Win32.Build.0 = Debug|Win32
		{40EE3A5F-8545-430B-9284-8C43FC3AFEEE}.Release|Win32.ActiveCfg = Release|Win32
		{40EE3A5F-8545-430B-9284-8C43FC3AFEEE}.Release|Win32.Build.0 = Release|Win32
		{D941F1B2-8D04-4F48-8327-BEACAFC5F8B9}.Debug|Win32.ActiveCfg = Debug|Win32
		{D941F1B2-8D04-4F48-8327-BEACAFC5F8B9}.Debug|Win32.Build.0 = Debug|Win32
		{D941F1B2-8D04-4F48-8327-BEACAFC5F8B9}.Release|Win32.ActiveCfg = Release|Win32
		{D941F1B2-8D04-4F48-8327-BEACAFC5F8B9}.Release|Win32.Build.0 = Release|Win32
	EndGlobalSection
	GlobalSection(SolutionProperties) = preSolution
		HideSolutionNode = FALSE
	EndGlobalSection
EndGlobal
